// !$*UTF8*$!
{
	archiveVersion = 1;
	classes = {
	};
	objectVersion = 50;
	objects = {

/* Begin PBXBuildFile section */
		6B9FD48A23E7D8B70074BFAB /* CheckListItem.swift in Sources */ = {isa = PBXBuildFile; fileRef = 6B9FD48923E7D8B70074BFAB /* CheckListItem.swift */; };
		6B9FD48C23E7E71C0074BFAB /* TodoList.swift in Sources */ = {isa = PBXBuildFile; fileRef = 6B9FD48B23E7E71C0074BFAB /* TodoList.swift */; };
		6B9FD48E23E8C7230074BFAB /* ItemDetailViewController.swift in Sources */ = {isa = PBXBuildFile; fileRef = 6B9FD48D23E8C7230074BFAB /* ItemDetailViewController.swift */; };
		6BC2775C23E1547500A1D54E /* AppDelegate.swift in Sources */ = {isa = PBXBuildFile; fileRef = 6BC2775B23E1547500A1D54E /* AppDelegate.swift */; };
		6BC2775E23E1547500A1D54E /* SceneDelegate.swift in Sources */ = {isa = PBXBuildFile; fileRef = 6BC2775D23E1547500A1D54E /* SceneDelegate.swift */; };
		6BC2776023E1547500A1D54E /* ChecklistViewController.swift in Sources */ = {isa = PBXBuildFile; fileRef = 6BC2775F23E1547500A1D54E /* ChecklistViewController.swift */; };
		6BC2776323E1547500A1D54E /* Main.storyboard in Resources */ = {isa = PBXBuildFile; fileRef = 6BC2776123E1547500A1D54E /* Main.storyboard */; };
		6BC2776523E1547900A1D54E /* Assets.xcassets in Resources */ = {isa = PBXBuildFile; fileRef = 6BC2776423E1547900A1D54E /* Assets.xcassets */; };
		6BC2776823E1547900A1D54E /* LaunchScreen.storyboard in Resources */ = {isa = PBXBuildFile; fileRef = 6BC2776623E1547900A1D54E /* LaunchScreen.storyboard */; };
		F45554692406FE0A00F2A44C /* ChecklistTableViewCell.swift in Sources */ = {isa = PBXBuildFile; fileRef = F45554682406FE0A00F2A44C /* ChecklistTableViewCell.swift */; };
/* End PBXBuildFile section */

/* Begin PBXFileReference section */
		6B9FD48923E7D8B70074BFAB /* CheckListItem.swift */ = {isa = PBXFileReference; lastKnownFileType = sourcecode.swift; path = CheckListItem.swift; sourceTree = "<group>"; };
		6B9FD48B23E7E71C0074BFAB /* TodoList.swift */ = {isa = PBXFileReference; lastKnownFileType = sourcecode.swift; path = TodoList.swift; sourceTree = "<group>"; };
		6B9FD48D23E8C7230074BFAB /* ItemDetailViewController.swift */ = {isa = PBXFileReference; lastKnownFileType = sourcecode.swift; path = ItemDetailViewController.swift; sourceTree = "<group>"; };
		6BC2775823E1547500A1D54E /* Checklist.app */ = {isa = PBXFileReference; explicitFileType = wrapper.application; includeInIndex = 0; path = Checklist.app; sourceTree = BUILT_PRODUCTS_DIR; };
		6BC2775B23E1547500A1D54E /* AppDelegate.swift */ = {isa = PBXFileReference; lastKnownFileType = sourcecode.swift; path = AppDelegate.swift; sourceTree = "<group>"; };
		6BC2775D23E1547500A1D54E /* SceneDelegate.swift */ = {isa = PBXFileReference; lastKnownFileType = sourcecode.swift; path = SceneDelegate.swift; sourceTree = "<group>"; };
		6BC2775F23E1547500A1D54E /* ChecklistViewController.swift */ = {isa = PBXFileReference; lastKnownFileType = sourcecode.swift; path = ChecklistViewController.swift; sourceTree = "<group>"; };
		6BC2776223E1547500A1D54E /* Base */ = {isa = PBXFileReference; lastKnownFileType = file.storyboard; name = Base; path = Base.lproj/Main.storyboard; sourceTree = "<group>"; };
		6BC2776423E1547900A1D54E /* Assets.xcassets */ = {isa = PBXFileReference; lastKnownFileType = folder.assetcatalog; path = Assets.xcassets; sourceTree = "<group>"; };
		6BC2776723E1547900A1D54E /* Base */ = {isa = PBXFileReference; lastKnownFileType = file.storyboard; name = Base; path = Base.lproj/LaunchScreen.storyboard; sourceTree = "<group>"; };
		6BC2776923E1547900A1D54E /* Info.plist */ = {isa = PBXFileReference; lastKnownFileType = text.plist.xml; path = Info.plist; sourceTree = "<group>"; };
		F45554682406FE0A00F2A44C /* ChecklistTableViewCell.swift */ = {isa = PBXFileReference; lastKnownFileType = sourcecode.swift; path = ChecklistTableViewCell.swift; sourceTree = "<group>"; };
/* End PBXFileReference section */

/* Begin PBXFrameworksBuildPhase section */
		6BC2775523E1547500A1D54E /* Frameworks */ = {
			isa = PBXFrameworksBuildPhase;
			buildActionMask = 2147483647;
			files = (
			);
			runOnlyForDeploymentPostprocessing = 0;
		};
/* End PBXFrameworksBuildPhase section */

/* Begin PBXGroup section */
		6BC2774F23E1547500A1D54E = {
			isa = PBXGroup;
			children = (
				6BC2775A23E1547500A1D54E /* Checklist */,
				6BC2775923E1547500A1D54E /* Products */,
			);
			sourceTree = "<group>";
		};
		6BC2775923E1547500A1D54E /* Products */ = {
			isa = PBXGroup;
			children = (
				6BC2775823E1547500A1D54E /* Checklist.app */,
			);
			name = Products;
			sourceTree = "<group>";
		};
		6BC2775A23E1547500A1D54E /* Checklist */ = {
			isa = PBXGroup;
			children = (
				6BC2775B23E1547500A1D54E /* AppDelegate.swift */,
				6BC2775D23E1547500A1D54E /* SceneDelegate.swift */,
				6BC2775F23E1547500A1D54E /* ChecklistViewController.swift */,
				6B9FD48B23E7E71C0074BFAB /* TodoList.swift */,
				6B9FD48923E7D8B70074BFAB /* CheckListItem.swift */,
				6BC2776123E1547500A1D54E /* Main.storyboard */,
				6B9FD48D23E8C7230074BFAB /* ItemDetailViewController.swift */,
				F45554682406FE0A00F2A44C /* ChecklistTableViewCell.swift */,
				6BC2776423E1547900A1D54E /* Assets.xcassets */,
				6BC2776623E1547900A1D54E /* LaunchScreen.storyboard */,
				6BC2776923E1547900A1D54E /* Info.plist */,
			);
			path = Checklist;
			sourceTree = "<group>";
		};
/* End PBXGroup section */

/* Begin PBXNativeTarget section */
		6BC2775723E1547500A1D54E /* Checklist */ = {
			isa = PBXNativeTarget;
			buildConfigurationList = 6BC2776C23E1547900A1D54E /* Build configuration list for PBXNativeTarget "Checklist" */;
			buildPhases = (
				6BC2775423E1547500A1D54E /* Sources */,
				6BC2775523E1547500A1D54E /* Frameworks */,
				6BC2775623E1547500A1D54E /* Resources */,
			);
			buildRules = (
			);
			dependencies = (
			);
			name = Checklist;
			productName = Checklist;
			productReference = 6BC2775823E1547500A1D54E /* Checklist.app */;
			productType = "com.apple.product-type.application";
		};
/* End PBXNativeTarget section */

/* Begin PBXProject section */
		6BC2775023E1547500A1D54E /* Project object */ = {
			isa = PBXProject;
			attributes = {
				LastSwiftUpdateCheck = 1130;
				LastUpgradeCheck = 1130;
				ORGANIZATIONNAME = "Mehdi Ghannadan";
				TargetAttributes = {
					6BC2775723E1547500A1D54E = {
						CreatedOnToolsVersion = 11.3.1;
					};
				};
			};
			buildConfigurationList = 6BC2775323E1547500A1D54E /* Build configuration list for PBXProject "Checklist" */;
			compatibilityVersion = "Xcode 9.3";
			developmentRegion = en;
			hasScannedForEncodings = 0;
			knownRegions = (
				en,
				Base,
			);
			mainGroup = 6BC2774F23E1547500A1D54E;
			productRefGroup = 6BC2775923E1547500A1D54E /* Products */;
			projectDirPath = "";
			projectRoot = "";
			targets = (
				6BC2775723E1547500A1D54E /* Checklist */,
			);
		};
/* End PBXProject section */

/* Begin PBXResourcesBuildPhase section */
		6BC2775623E1547500A1D54E /* Resources */ = {
			isa = PBXResourcesBuildPhase;
			buildActionMask = 2147483647;
			files = (
				6BC2776823E1547900A1D54E /* LaunchScreen.storyboard in Resources */,
				6BC2776523E1547900A1D54E /* Assets.xcassets in Resources */,
				6BC2776323E1547500A1D54E /* Main.storyboard in Resources */,
			);
			runOnlyForDeploymentPostprocessing = 0;
		};
/* End PBXResourcesBuildPhase section */

/* Begin PBXSourcesBuildPhase section */
		6BC2775423E1547500A1D54E /* Sources */ = {
			isa = PBXSourcesBuildPhase;
			buildActionMask = 2147483647;
			files = (
				6B9FD48C23E7E71C0074BFAB /* TodoList.swift in Sources */,
				6BC2776023E1547500A1D54E /* ChecklistViewController.swift in Sources */,
				6B9FD48E23E8C7230074BFAB /* ItemDetailViewController.swift in Sources */,
				F45554692406FE0A00F2A44C /* ChecklistTableViewCell.swift in Sources */,
				6BC2775C23E1547500A1D54E /* AppDelegate.swift in Sources */,
				6BC2775E23E1547500A1D54E /* SceneDelegate.swift in Sources */,
				6B9FD48A23E7D8B70074BFAB /* CheckListItem.swift in Sources */,
			);
			runOnlyForDeploymentPostprocessing = 0;
		};
/* End PBXSourcesBuildPhase section */

/* Begin PBXVariantGroup section */
		6BC2776123E1547500A1D54E /* Main.storyboard */ = {
			isa = PBXVariantGroup;
			children = (
				6BC2776223E1547500A1D54E /* Base */,
			);
			name = Main.storyboard;
			sourceTree = "<group>";
		};
		6BC2776623E1547900A1D54E /* LaunchScreen.storyboard */ = {
			isa = PBXVariantGroup;
			children = (
				6BC2776723E1547900A1D54E /* Base */,
			);
			name = LaunchScreen.storyboard;
			sourceTree = "<group>";
		};
/* End PBXVariantGroup section */

/* Begin XCBuildConfiguration section */
		6BC2776A23E1547900A1D54E /* Debug */ = {
			isa = XCBuildConfiguration;
			buildSettings = {
				ALWAYS_SEARCH_USER_PATHS = NO;
				CLANG_ANALYZER_NONNULL = YES;
				CLANG_ANALYZER_NUMBER_OBJECT_CONVERSION = YES_AGGRESSIVE;
				CLANG_CXX_LANGUAGE_STANDARD = "gnu++14";
				CLANG_CXX_LIBRARY = "libc++";
				CLANG_ENABLE_MODULES = YES;
				CLANG_ENABLE_OBJC_ARC = YES;
				CLANG_ENABLE_OBJC_WEAK = YES;
				CLANG_WARN_BLOCK_CAPTURE_AUTORELEASING = YES;
				CLANG_WARN_BOOL_CONVERSION = YES;
				CLANG_WARN_COMMA = YES;
				CLANG_WARN_CONSTANT_CONVERSION = YES;
				CLANG_WARN_DEPRECATED_OBJC_IMPLEMENTATIONS = YES;
				CLANG_WARN_DIRECT_OBJC_ISA_USAGE = YES_ERROR;
				CLANG_WARN_DOCUMENTATION_COMMENTS = YES;
				CLANG_WARN_EMPTY_BODY = YES;
				CLANG_WARN_ENUM_CONVERSION = YES;
				CLANG_WARN_INFINITE_RECURSION = YES;
				CLANG_WARN_INT_CONVERSION = YES;
				CLANG_WARN_NON_LITERAL_NULL_CONVERSION = YES;
				CLANG_WARN_OBJC_IMPLICIT_RETAIN_SELF = YES;
				CLANG_WARN_OBJC_LITERAL_CONVERSION = YES;
				CLANG_WARN_OBJC_ROOT_CLASS = YES_ERROR;
				CLANG_WARN_RANGE_LOOP_ANALYSIS = YES;
				CLANG_WARN_STRICT_PROTOTYPES = YES;
				CLANG_WARN_SUSPICIOUS_MOVE = YES;
				CLANG_WARN_UNGUARDED_AVAILABILITY = YES_AGGRESSIVE;
				CLANG_WARN_UNREACHABLE_CODE = YES;
				CLANG_WARN__DUPLICATE_METHOD_MATCH = YES;
				COPY_PHASE_STRIP = NO;
				DEBUG_INFORMATION_FORMAT = dwarf;
				ENABLE_STRICT_OBJC_MSGSEND = YES;
				ENABLE_TESTABILITY = YES;
				GCC_C_LANGUAGE_STANDARD = gnu11;
				GCC_DYNAMIC_NO_PIC = NO;
				GCC_NO_COMMON_BLOCKS = YES;
				GCC_OPTIMIZATION_LEVEL = 0;
				GCC_PREPROCESSOR_DEFINITIONS = (
					"DEBUG=1",
					"$(inherited)",
				);
				GCC_WARN_64_TO_32_BIT_CONVERSION = YES;
				GCC_WARN_ABOUT_RETURN_TYPE = YES_ERROR;
				GCC_WARN_UNDECLARED_SELECTOR = YES;
				GCC_WARN_UNINITIALIZED_AUTOS = YES_AGGRESSIVE;
				GCC_WARN_UNUSED_FUNCTION = YES;
				GCC_WARN_UNUSED_VARIABLE = YES;
				IPHONEOS_DEPLOYMENT_TARGET = 13.2;
				MTL_ENABLE_DEBUG_INFO = INCLUDE_SOURCE;
				MTL_FAST_MATH = YES;
				ONLY_ACTIVE_ARCH = YES;
				SDKROOT = iphoneos;
				SWIFT_ACTIVE_COMPILATION_CONDITIONS = DEBUG;
				SWIFT_OPTIMIZATION_LEVEL = "-Onone";
			};
			name = Debug;
		};
		6BC2776B23E1547900A1D54E /* Release */ = {
			isa = XCBuildConfiguration;
			buildSettings = {
				ALWAYS_SEARCH_USER_PATHS = NO;
				CLANG_ANALYZER_NONNULL = YES;
				CLANG_ANALYZER_NUMBER_OBJECT_CONVERSION = YES_AGGRESSIVE;
				CLANG_CXX_LANGUAGE_STANDARD = "gnu++14";
				CLANG_CXX_LIBRARY = "libc++";
				CLANG_ENABLE_MODULES = YES;
				CLANG_ENABLE_OBJC_ARC = YES;
				CLANG_ENABLE_OBJC_WEAK = YES;
				CLANG_WARN_BLOCK_CAPTURE_AUTORELEASING = YES;
				CLANG_WARN_BOOL_CONVERSION = YES;
				CLANG_WARN_COMMA = YES;
				CLANG_WARN_CONSTANT_CONVERSION = YES;
				CLANG_WARN_DEPRECATED_OBJC_IMPLEMENTATIONS = YES;
				CLANG_WARN_DIRECT_OBJC_ISA_USAGE = YES_ERROR;
				CLANG_WARN_DOCUMENTATION_COMMENTS = YES;
				CLANG_WARN_EMPTY_BODY = YES;
				CLANG_WARN_ENUM_CONVERSION = YES;
				CLANG_WARN_INFINITE_RECURSION = YES;
				CLANG_WARN_INT_CONVERSION = YES;
				CLANG_WARN_NON_LITERAL_NULL_CONVERSION = YES;
				CLANG_WARN_OBJC_IMPLICIT_RETAIN_SELF = YES;
				CLANG_WARN_OBJC_LITERAL_CONVERSION = YES;
				CLANG_WARN_OBJC_ROOT_CLASS = YES_ERROR;
				CLANG_WARN_RANGE_LOOP_ANALYSIS = YES;
				CLANG_WARN_STRICT_PROTOTYPES = YES;
				CLANG_WARN_SUSPICIOUS_MOVE = YES;
				CLANG_WARN_UNGUARDED_AVAILABILITY = YES_AGGRESSIVE;
				CLANG_WARN_UNREACHABLE_CODE = YES;
				CLANG_WARN__DUPLICATE_METHOD_MATCH = YES;
				COPY_PHASE_STRIP = NO;
				DEBUG_INFORMATION_FORMAT = "dwarf-with-dsym";
				ENABLE_NS_ASSERTIONS = NO;
				ENABLE_STRICT_OBJC_MSGSEND = YES;
				GCC_C_LANGUAGE_STANDARD = gnu11;
				GCC_NO_COMMON_BLOCKS = YES;
				GCC_WARN_64_TO_32_BIT_CONVERSION = YES;
				GCC_WARN_ABOUT_RETURN_TYPE = YES_ERROR;
				GCC_WARN_UNDECLARED_SELECTOR = YES;
				GCC_WARN_UNINITIALIZED_AUTOS = YES_AGGRESSIVE;
				GCC_WARN_UNUSED_FUNCTION = YES;
				GCC_WARN_UNUSED_VARIABLE = YES;
				IPHONEOS_DEPLOYMENT_TARGET = 13.2;
				MTL_ENABLE_DEBUG_INFO = NO;
				MTL_FAST_MATH = YES;
				SDKROOT = iphoneos;
				SWIFT_COMPILATION_MODE = wholemodule;
				SWIFT_OPTIMIZATION_LEVEL = "-O";
				VALIDATE_PRODUCT = YES;
			};
			name = Release;
		};
		6BC2776D23E1547900A1D54E /* Debug */ = {
			isa = XCBuildConfiguration;
			buildSettings = {
				ASSETCATALOG_COMPILER_APPICON_NAME = AppIcon;
				CODE_SIGN_STYLE = Automatic;
				DEVELOPMENT_TEAM = 8G9SR3VSMQ;
				INFOPLIST_FILE = Checklist/Info.plist;
				LD_RUNPATH_SEARCH_PATHS = (
					"$(inherited)",
					"@executable_path/Frameworks",
				);
				PRODUCT_BUNDLE_IDENTIFIER = Test.com.mehdi.Checklist;
				PRODUCT_NAME = "$(TARGET_NAME)";
				SWIFT_VERSION = 5.0;
				TARGETED_DEVICE_FAMILY = "1,2";
			};
			name = Debug;
		};
		6BC2776E23E1547900A1D54E /* Release */ = {
			isa = XCBuildConfiguration;
			buildSettings = {
				ASSETCATALOG_COMPILER_APPICON_NAME = AppIcon;
				CODE_SIGN_STYLE = Automatic;
				DEVELOPMENT_TEAM = 8G9SR3VSMQ;
				INFOPLIST_FILE = Checklist/Info.plist;
				LD_RUNPATH_SEARCH_PATHS = (
					"$(inherited)",
					"@executable_path/Frameworks",
				);
				PRODUCT_BUNDLE_IDENTIFIER = Test.com.mehdi.Checklist;
				PRODUCT_NAME = "$(TARGET_NAME)";
				SWIFT_VERSION = 5.0;
				TARGETED_DEVICE_FAMILY = "1,2";
			};
			name = Release;
		};
/* End XCBuildConfiguration section */

/* Begin XCConfigurationList section */
		6BC2775323E1547500A1D54E /* Build configuration list for PBXProject "Checklist" */ = {
			isa = XCConfigurationList;
			buildConfigurations = (
				6BC2776A23E1547900A1D54E /* Debug */,
				6BC2776B23E1547900A1D54E /* Release */,
			);
			defaultConfigurationIsVisible = 0;
			defaultConfigurationName = Release;
		};
		6BC2776C23E1547900A1D54E /* Build configuration list for PBXNativeTarget "Checklist" */ = {
			isa = XCConfigurationList;
			buildConfigurations = (
				6BC2776D23E1547900A1D54E /* Debug */,
				6BC2776E23E1547900A1D54E /* Release */,
			);
			defaultConfigurationIsVisible = 0;
			defaultConfigurationName = Release;
		};
/* End XCConfigurationList section */
	};
	rootObject = 6BC2775023E1547500A1D54E /* Project object */;
}
